
Microsoft Visual Studio Solution File, Format Version 12.00
# Visual Studio 2015
Project("{FAE04EC0-301F-11D3-BF4B-00C04F79EFBC}") = "Lightning.CSharp.Plugins", "Lightning.CSharp.Plugins.csproj", "{591DFE20-A662-148F-F856-80303B82EF80}"
EndProject
Project("{FAE04EC0-301F-11D3-BF4B-00C04F79EFBC}") = "Lightning.CSharp", "Lightning.CSharp.csproj", "{19C6A031-4547-7ADA-64B3-6542972B0780}"
EndProject
Project("{FAE04EC0-301F-11D3-BF4B-00C04F79EFBC}") = "Lightning.CSharp.Editor", "Lightning.CSharp.Editor.csproj", "{D5E2E6EA-177E-43A7-231F-83A3C0BD168E}"
EndProject
Global
	GlobalSection(SolutionConfigurationPlatforms) = preSolution
		Debug|Any CPU = Debug|Any CPU
		Release|Any CPU = Release|Any CPU
	EndGlobalSection
	GlobalSection(ProjectConfigurationPlatforms) = postSolution
		{591DFE20-A662-148F-F856-80303B82EF80}.Debug|Any CPU.ActiveCfg = Debug|Any CPU
		{591DFE20-A662-148F-F856-80303B82EF80}.Debug|Any CPU.Build.0 = Debug|Any CPU
		{591DFE20-A662-148F-F856-80303B82EF80}.Release|Any CPU.ActiveCfg = Release|Any CPU
		{591DFE20-A662-148F-F856-80303B82EF80}.Release|Any CPU.Build.0 = Release|Any CPU
		{19C6A031-4547-7ADA-64B3-6542972B0780}.Debug|Any CPU.ActiveCfg = Debug|Any CPU
		{19C6A031-4547-7ADA-64B3-6542972B0780}.Debug|Any CPU.Build.0 = Debug|Any CPU
		{19C6A031-4547-7ADA-64B3-6542972B0780}.Release|Any CPU.ActiveCfg = Release|Any CPU
		{19C6A031-4547-7ADA-64B3-6542972B0780}.Release|Any CPU.Build.0 = Release|Any CPU
		{D5E2E6EA-177E-43A7-231F-83A3C0BD168E}.Debug|Any CPU.ActiveCfg = Debug|Any CPU
		{D5E2E6EA-177E-43A7-231F-83A3C0BD168E}.Debug|Any CPU.Build.0 = Debug|Any CPU
		{D5E2E6EA-177E-43A7-231F-83A3C0BD168E}.Release|Any CPU.ActiveCfg = Release|Any CPU
		{D5E2E6EA-177E-43A7-231F-83A3C0BD168E}.Release|Any CPU.Build.0 = Release|Any CPU
	EndGlobalSection
	GlobalSection(SolutionProperties) = preSolution
		HideSolutionNode = FALSE
	EndGlobalSection
EndGlobal
